// !$*UTF8*$!
{
	archiveVersion = 1;
	classes = {
	};
	objectVersion = 46;
	objects = {

/* Begin PBXBuildFile section */
		1914AC331ED55FD4009975B2 /* AppDelegate.swift in Sources */ = {isa = PBXBuildFile; fileRef = 1914AC321ED55FD4009975B2 /* AppDelegate.swift */; };
		1914AC351ED55FD4009975B2 /* ViewController.swift in Sources */ = {isa = PBXBuildFile; fileRef = 1914AC341ED55FD4009975B2 /* ViewController.swift */; };
		1914AC381ED55FD4009975B2 /* Main.storyboard in Resources */ = {isa = PBXBuildFile; fileRef = 1914AC361ED55FD4009975B2 /* Main.storyboard */; };
		1914AC3A1ED55FD4009975B2 /* Assets.xcassets in Resources */ = {isa = PBXBuildFile; fileRef = 1914AC391ED55FD4009975B2 /* Assets.xcassets */; };
		1914AC3D1ED55FD4009975B2 /* LaunchScreen.storyboard in Resources */ = {isa = PBXBuildFile; fileRef = 1914AC3B1ED55FD4009975B2 /* LaunchScreen.storyboard */; };
		1914AC481ED55FD4009975B2 /* Avplayer_sampleTests.swift in Sources */ = {isa = PBXBuildFile; fileRef = 1914AC471ED55FD4009975B2 /* Avplayer_sampleTests.swift */; };
		1914AC531ED55FD4009975B2 /* Avplayer_sampleUITests.swift in Sources */ = {isa = PBXBuildFile; fileRef = 1914AC521ED55FD4009975B2 /* Avplayer_sampleUITests.swift */; };
/* End PBXBuildFile section */

/* Begin PBXContainerItemProxy section */
		1914AC441ED55FD4009975B2 /* PBXContainerItemProxy */ = {
			isa = PBXContainerItemProxy;
			containerPortal = 1914AC271ED55FD4009975B2 /* Project object */;
			proxyType = 1;
			remoteGlobalIDString = 1914AC2E1ED55FD4009975B2;
			remoteInfo = "Avplayer-sample";
		};
		1914AC4F1ED55FD4009975B2 /* PBXContainerItemProxy */ = {
			isa = PBXContainerItemProxy;
			containerPortal = 1914AC271ED55FD4009975B2 /* Project object */;
			proxyType = 1;
			remoteGlobalIDString = 1914AC2E1ED55FD4009975B2;
			remoteInfo = "Avplayer-sample";
		};
/* End PBXContainerItemProxy section */

/* Begin PBXFileReference section */
		1914AC2F1ED55FD4009975B2 /* Avplayer-sample.app */ = {isa = PBXFileReference; explicitFileType = wrapper.application; includeInIndex = 0; path = "Avplayer-sample.app"; sourceTree = BUILT_PRODUCTS_DIR; };
		1914AC321ED55FD4009975B2 /* AppDelegate.swift */ = {isa = PBXFileReference; lastKnownFileType = sourcecode.swift; path = AppDelegate.swift; sourceTree = "<group>"; };
		1914AC341ED55FD4009975B2 /* ViewController.swift */ = {isa = PBXFileReference; lastKnownFileType = sourcecode.swift; path = ViewController.swift; sourceTree = "<group>"; };
		1914AC371ED55FD4009975B2 /* Base */ = {isa = PBXFileReference; lastKnownFileType = file.storyboard; name = Base; path = Base.lproj/Main.storyboard; sourceTree = "<group>"; };
		1914AC391ED55FD4009975B2 /* Assets.xcassets */ = {isa = PBXFileReference; lastKnownFileType = folder.assetcatalog; path = Assets.xcassets; sourceTree = "<group>"; };
		1914AC3C1ED55FD4009975B2 /* Base */ = {isa = PBXFileReference; lastKnownFileType = file.storyboard; name = Base; path = Base.lproj/LaunchScreen.storyboard; sourceTree = "<group>"; };
		1914AC3E1ED55FD4009975B2 /* Info.plist */ = {isa = PBXFileReference; lastKnownFileType = text.plist.xml; path = Info.plist; sourceTree = "<group>"; };
		1914AC431ED55FD4009975B2 /* Avplayer-sampleTests.xctest */ = {isa = PBXFileReference; explicitFileType = wrapper.cfbundle; includeInIndex = 0; path = "Avplayer-sampleTests.xctest"; sourceTree = BUILT_PRODUCTS_DIR; };
		1914AC471ED55FD4009975B2 /* Avplayer_sampleTests.swift */ = {isa = PBXFileReference; lastKnownFileType = sourcecode.swift; path = Avplayer_sampleTests.swift; sourceTree = "<group>"; };
		1914AC491ED55FD4009975B2 /* Info.plist */ = {isa = PBXFileReference; lastKnownFileType = text.plist.xml; path = Info.plist; sourceTree = "<group>"; };
		1914AC4E1ED55FD4009975B2 /* Avplayer-sampleUITests.xctest */ = {isa = PBXFileReference; explicitFileType = wrapper.cfbundle; includeInIndex = 0; path = "Avplayer-sampleUITests.xctest"; sourceTree = BUILT_PRODUCTS_DIR; };
		1914AC521ED55FD4009975B2 /* Avplayer_sampleUITests.swift */ = {isa = PBXFileReference; lastKnownFileType = sourcecode.swift; path = Avplayer_sampleUITests.swift; sourceTree = "<group>"; };
		1914AC541ED55FD4009975B2 /* Info.plist */ = {isa = PBXFileReference; lastKnownFileType = text.plist.xml; path = Info.plist; sourceTree = "<group>"; };
/* End PBXFileReference section */

/* Begin PBXFrameworksBuildPhase section */
		1914AC2C1ED55FD4009975B2 /* Frameworks */ = {
			isa = PBXFrameworksBuildPhase;
			buildActionMask = 2147483647;
			files = (
			);
			runOnlyForDeploymentPostprocessing = 0;
		};
		1914AC401ED55FD4009975B2 /* Frameworks */ = {
			isa = PBXFrameworksBuildPhase;
			buildActionMask = 2147483647;
			files = (
			);
			runOnlyForDeploymentPostprocessing = 0;
		};
		1914AC4B1ED55FD4009975B2 /* Frameworks */ = {
			isa = PBXFrameworksBuildPhase;
			buildActionMask = 2147483647;
			files = (
			);
			runOnlyForDeploymentPostprocessing = 0;
		};
/* End PBXFrameworksBuildPhase section */

/* Begin PBXGroup section */
		1914AC261ED55FD4009975B2 = {
			isa = PBXGroup;
			children = (
				1914AC311ED55FD4009975B2 /* Avplayer-sample */,
				1914AC461ED55FD4009975B2 /* Avplayer-sampleTests */,
				1914AC511ED55FD4009975B2 /* Avplayer-sampleUITests */,
				1914AC301ED55FD4009975B2 /* Products */,
			);
			sourceTree = "<group>";
		};
		1914AC301ED55FD4009975B2 /* Products */ = {
			isa = PBXGroup;
			children = (
				1914AC2F1ED55FD4009975B2 /* Avplayer-sample.app */,
				1914AC431ED55FD4009975B2 /* Avplayer-sampleTests.xctest */,
				1914AC4E1ED55FD4009975B2 /* Avplayer-sampleUITests.xctest */,
			);
			name = Products;
			sourceTree = "<group>";
		};
		1914AC311ED55FD4009975B2 /* Avplayer-sample */ = {
			isa = PBXGroup;
			children = (
				1914AC321ED55FD4009975B2 /* AppDelegate.swift */,
				1914AC341ED55FD4009975B2 /* ViewController.swift */,
				1914AC361ED55FD4009975B2 /* Main.storyboard */,
				1914AC391ED55FD4009975B2 /* Assets.xcassets */,
				1914AC3B1ED55FD4009975B2 /* LaunchScreen.storyboard */,
				1914AC3E1ED55FD4009975B2 /* Info.plist */,
			);
			path = "Avplayer-sample";
			sourceTree = "<group>";
		};
		1914AC461ED55FD4009975B2 /* Avplayer-sampleTests */ = {
			isa = PBXGroup;
			children = (
				1914AC471ED55FD4009975B2 /* Avplayer_sampleTests.swift */,
				1914AC491ED55FD4009975B2 /* Info.plist */,
			);
			path = "Avplayer-sampleTests";
			sourceTree = "<group>";
		};
		1914AC511ED55FD4009975B2 /* Avplayer-sampleUITests */ = {
			isa = PBXGroup;
			children = (
				1914AC521ED55FD4009975B2 /* Avplayer_sampleUITests.swift */,
				1914AC541ED55FD4009975B2 /* Info.plist */,
			);
			path = "Avplayer-sampleUITests";
			sourceTree = "<group>";
		};
/* End PBXGroup section */

/* Begin PBXNativeTarget section */
		1914AC2E1ED55FD4009975B2 /* Avplayer-sample */ = {
			isa = PBXNativeTarget;
			buildConfigurationList = 1914AC571ED55FD4009975B2 /* Build configuration list for PBXNativeTarget "Avplayer-sample" */;
			buildPhases = (
				1914AC2B1ED55FD4009975B2 /* Sources */,
				1914AC2C1ED55FD4009975B2 /* Frameworks */,
				1914AC2D1ED55FD4009975B2 /* Resources */,
			);
			buildRules = (
			);
			dependencies = (
			);
			name = "Avplayer-sample";
			productName = "Avplayer-sample";
			productReference = 1914AC2F1ED55FD4009975B2 /* Avplayer-sample.app */;
			productType = "com.apple.product-type.application";
		};
		1914AC421ED55FD4009975B2 /* Avplayer-sampleTests */ = {
			isa = PBXNativeTarget;
			buildConfigurationList = 1914AC5A1ED55FD4009975B2 /* Build configuration list for PBXNativeTarget "Avplayer-sampleTests" */;
			buildPhases = (
				1914AC3F1ED55FD4009975B2 /* Sources */,
				1914AC401ED55FD4009975B2 /* Frameworks */,
				1914AC411ED55FD4009975B2 /* Resources */,
			);
			buildRules = (
			);
			dependencies = (
				1914AC451ED55FD4009975B2 /* PBXTargetDependency */,
			);
			name = "Avplayer-sampleTests";
			productName = "Avplayer-sampleTests";
			productReference = 1914AC431ED55FD4009975B2 /* Avplayer-sampleTests.xctest */;
			productType = "com.apple.product-type.bundle.unit-test";
		};
		1914AC4D1ED55FD4009975B2 /* Avplayer-sampleUITests */ = {
			isa = PBXNativeTarget;
			buildConfigurationList = 1914AC5D1ED55FD4009975B2 /* Build configuration list for PBXNativeTarget "Avplayer-sampleUITests" */;
			buildPhases = (
				1914AC4A1ED55FD4009975B2 /* Sources */,
				1914AC4B1ED55FD4009975B2 /* Frameworks */,
				1914AC4C1ED55FD4009975B2 /* Resources */,
			);
			buildRules = (
			);
			dependencies = (
				1914AC501ED55FD4009975B2 /* PBXTargetDependency */,
			);
			name = "Avplayer-sampleUITests";
			productName = "Avplayer-sampleUITests";
			productReference = 1914AC4E1ED55FD4009975B2 /* Avplayer-sampleUITests.xctest */;
			productType = "com.apple.product-type.bundle.ui-testing";
		};
/* End PBXNativeTarget section */

/* Begin PBXProject section */
		1914AC271ED55FD4009975B2 /* Project object */ = {
			isa = PBXProject;
			attributes = {
				LastSwiftUpdateCheck = 0830;
				LastUpgradeCheck = 0830;
				ORGANIZATIONNAME = "Seungyoun Yi";
				TargetAttributes = {
					1914AC2E1ED55FD4009975B2 = {
						CreatedOnToolsVersion = 8.3.2;
						DevelopmentTeam = 4G7K3CN2JU;
						ProvisioningStyle = Automatic;
					};
					1914AC421ED55FD4009975B2 = {
						CreatedOnToolsVersion = 8.3.2;
						DevelopmentTeam = 4G7K3CN2JU;
						ProvisioningStyle = Automatic;
						TestTargetID = 1914AC2E1ED55FD4009975B2;
					};
					1914AC4D1ED55FD4009975B2 = {
						CreatedOnToolsVersion = 8.3.2;
						DevelopmentTeam = 4G7K3CN2JU;
						ProvisioningStyle = Automatic;
						TestTargetID = 1914AC2E1ED55FD4009975B2;
					};
				};
			};
			buildConfigurationList = 1914AC2A1ED55FD4009975B2 /* Build configuration list for PBXProject "Avplayer-sample" */;
			compatibilityVersion = "Xcode 3.2";
			developmentRegion = English;
			hasScannedForEncodings = 0;
			knownRegions = (
				en,
				Base,
			);
			mainGroup = 1914AC261ED55FD4009975B2;
			productRefGroup = 1914AC301ED55FD4009975B2 /* Products */;
			projectDirPath = "";
			projectRoot = "";
			targets = (
				1914AC2E1ED55FD4009975B2 /* Avplayer-sample */,
				1914AC421ED55FD4009975B2 /* Avplayer-sampleTests */,
				1914AC4D1ED55FD4009975B2 /* Avplayer-sampleUITests */,
			);
		};
/* End PBXProject section */

/* Begin PBXResourcesBuildPhase section */
		1914AC2D1ED55FD4009975B2 /* Resources */ = {
			isa = PBXResourcesBuildPhase;
			buildActionMask = 2147483647;
			files = (
				1914AC3D1ED55FD4009975B2 /* LaunchScreen.storyboard in Resources */,
				1914AC3A1ED55FD4009975B2 /* Assets.xcassets in Resources */,
				1914AC381ED55FD4009975B2 /* Main.storyboard in Resources */,
			);
			runOnlyForDeploymentPostprocessing = 0;
		};
		1914AC411ED55FD4009975B2 /* Resources */ = {
			isa = PBXResourcesBuildPhase;
			buildActionMask = 2147483647;
			files = (
			);
			runOnlyForDeploymentPostprocessing = 0;
		};
		1914AC4C1ED55FD4009975B2 /* Resources */ = {
			isa = PBXResourcesBuildPhase;
			buildActionMask = 2147483647;
			files = (
			);
			runOnlyForDeploymentPostprocessing = 0;
		};
/* End PBXResourcesBuildPhase section */

/* Begin PBXSourcesBuildPhase section */
		1914AC2B1ED55FD4009975B2 /* Sources */ = {
			isa = PBXSourcesBuildPhase;
			buildActionMask = 2147483647;
			files = (
				1914AC351ED55FD4009975B2 /* ViewController.swift in Sources */,
				1914AC331ED55FD4009975B2 /* AppDelegate.swift in Sources */,
			);
			runOnlyForDeploymentPostprocessing = 0;
		};
		1914AC3F1ED55FD4009975B2 /* Sources */ = {
			isa = PBXSourcesBuildPhase;
			buildActionMask = 2147483647;
			files = (
				1914AC481ED55FD4009975B2 /* Avplayer_sampleTests.swift in Sources */,
			);
			runOnlyForDeploymentPostprocessing = 0;
		};
		1914AC4A1ED55FD4009975B2 /* Sources */ = {
			isa = PBXSourcesBuildPhase;
			buildActionMask = 2147483647;
			files = (
				1914AC531ED55FD4009975B2 /* Avplayer_sampleUITests.swift in Sources */,
			);
			runOnlyForDeploymentPostprocessing = 0;
		};
/* End PBXSourcesBuildPhase section */

/* Begin PBXTargetDependency section */
		1914AC451ED55FD4009975B2 /* PBXTargetDependency */ = {
			isa = PBXTargetDependency;
			target = 1914AC2E1ED55FD4009975B2 /* Avplayer-sample */;
			targetProxy = 1914AC441ED55FD4009975B2 /* PBXContainerItemProxy */;
		};
		1914AC501ED55FD4009975B2 /* PBXTargetDependency */ = {
			isa = PBXTargetDependency;
			target = 1914AC2E1ED55FD4009975B2 /* Avplayer-sample */;
			targetProxy = 1914AC4F1ED55FD4009975B2 /* PBXContainerItemProxy */;
		};
/* End PBXTargetDependency section */

/* Begin PBXVariantGroup section */
		1914AC361ED55FD4009975B2 /* Main.storyboard */ = {
			isa = PBXVariantGroup;
			children = (
				1914AC371ED55FD4009975B2 /* Base */,
			);
			name = Main.storyboard;
			sourceTree = "<group>";
		};
		1914AC3B1ED55FD4009975B2 /* LaunchScreen.storyboard */ = {
			isa = PBXVariantGroup;
			children = (
				1914AC3C1ED55FD4009975B2 /* Base */,
			);
			name = LaunchScreen.storyboard;
			sourceTree = "<group>";
		};
/* End PBXVariantGroup section */

/* Begin XCBuildConfiguration section */
		1914AC551ED55FD4009975B2 /* Debug */ = {
			isa = XCBuildConfiguration;
			buildSettings = {
				ALWAYS_SEARCH_USER_PATHS = NO;
				CLANG_ANALYZER_NONNULL = YES;
				CLANG_ANALYZER_NUMBER_OBJECT_CONVERSION = YES_AGGRESSIVE;
				CLANG_CXX_LANGUAGE_STANDARD = "gnu++0x";
				CLANG_CXX_LIBRARY = "libc++";
				CLANG_ENABLE_MODULES = YES;
				CLANG_ENABLE_OBJC_ARC = YES;
				CLANG_WARN_BOOL_CONVERSION = YES;
				CLANG_WARN_CONSTANT_CONVERSION = YES;
				CLANG_WARN_DIRECT_OBJC_ISA_USAGE = YES_ERROR;
				CLANG_WARN_DOCUMENTATION_COMMENTS = YES;
				CLANG_WARN_EMPTY_BODY = YES;
				CLANG_WARN_ENUM_CONVERSION = YES;
				CLANG_WARN_INFINITE_RECURSION = YES;
				CLANG_WARN_INT_CONVERSION = YES;
				CLANG_WARN_OBJC_ROOT_CLASS = YES_ERROR;
				CLANG_WARN_SUSPICIOUS_MOVE = YES;
				CLANG_WARN_UNREACHABLE_CODE = YES;
				CLANG_WARN__DUPLICATE_METHOD_MATCH = YES;
				"CODE_SIGN_IDENTITY[sdk=iphoneos*]" = "iPhone Developer";
				COPY_PHASE_STRIP = NO;
				DEBUG_INFORMATION_FORMAT = dwarf;
				ENABLE_STRICT_OBJC_MSGSEND = YES;
				ENABLE_TESTABILITY = YES;
				GCC_C_LANGUAGE_STANDARD = gnu99;
				GCC_DYNAMIC_NO_PIC = NO;
				GCC_NO_COMMON_BLOCKS = YES;
				GCC_OPTIMIZATION_LEVEL = 0;
				GCC_PREPROCESSOR_DEFINITIONS = (
					"DEBUG=1",
					"$(inherited)",
				);
				GCC_WARN_64_TO_32_BIT_CONVERSION = YES;
				GCC_WARN_ABOUT_RETURN_TYPE = YES_ERROR;
				GCC_WARN_UNDECLARED_SELECTOR = YES;
				GCC_WARN_UNINITIALIZED_AUTOS = YES_AGGRESSIVE;
				GCC_WARN_UNUSED_FUNCTION = YES;
				GCC_WARN_UNUSED_VARIABLE = YES;
				IPHONEOS_DEPLOYMENT_TARGET = 10.3;
				MTL_ENABLE_DEBUG_INFO = YES;
				ONLY_ACTIVE_ARCH = YES;
				SDKROOT = iphoneos;
				SWIFT_ACTIVE_COMPILATION_CONDITIONS = DEBUG;
				SWIFT_OPTIMIZATION_LEVEL = "-Onone";
				TARGETED_DEVICE_FAMILY = "1,2";
			};
			name = Debug;
		};
		1914AC561ED55FD4009975B2 /* Release */ = {
			isa = XCBuildConfiguration;
			buildSettings = {
				ALWAYS_SEARCH_USER_PATHS = NO;
				CLANG_ANALYZER_NONNULL = YES;
				CLANG_ANALYZER_NUMBER_OBJECT_CONVERSION = YES_AGGRESSIVE;
				CLANG_CXX_LANGUAGE_STANDARD = "gnu++0x";
				CLANG_CXX_LIBRARY = "libc++";
				CLANG_ENABLE_MODULES = YES;
				CLANG_ENABLE_OBJC_ARC = YES;
				CLANG_WARN_BOOL_CONVERSION = YES;
				CLANG_WARN_CONSTANT_CONVERSION = YES;
				CLANG_WARN_DIRECT_OBJC_ISA_USAGE = YES_ERROR;
				CLANG_WARN_DOCUMENTATION_COMMENTS = YES;
				CLANG_WARN_EMPTY_BODY = YES;
				CLANG_WARN_ENUM_CONVERSION = YES;
				CLANG_WARN_INFINITE_RECURSION = YES;
				CLANG_WARN_INT_CONVERSION = YES;
				CLANG_WARN_OBJC_ROOT_CLASS = YES_ERROR;
				CLANG_WARN_SUSPICIOUS_MOVE = YES;
				CLANG_WARN_UNREACHABLE_CODE = YES;
				CLANG_WARN__DUPLICATE_METHOD_MATCH = YES;
				"CODE_SIGN_IDENTITY[sdk=iphoneos*]" = "iPhone Developer";
				COPY_PHASE_STRIP = NO;
				DEBUG_INFORMATION_FORMAT = "dwarf-with-dsym";
				ENABLE_NS_ASSERTIONS = NO;
				ENABLE_STRICT_OBJC_MSGSEND = YES;
				GCC_C_LANGUAGE_STANDARD = gnu99;
				GCC_NO_COMMON_BLOCKS = YES;
				GCC_WARN_64_TO_32_BIT_CONVERSION = YES;
				GCC_WARN_ABOUT_RETURN_TYPE = YES_ERROR;
				GCC_WARN_UNDECLARED_SELECTOR = YES;
				GCC_WARN_UNINITIALIZED_AUTOS = YES_AGGRESSIVE;
				GCC_WARN_UNUSED_FUNCTION = YES;
				GCC_WARN_UNUSED_VARIABLE = YES;
				IPHONEOS_DEPLOYMENT_TARGET = 10.3;
				MTL_ENABLE_DEBUG_INFO = NO;
				SDKROOT = iphoneos;
				SWIFT_OPTIMIZATION_LEVEL = "-Owholemodule";
				TARGETED_DEVICE_FAMILY = "1,2";
				VALIDATE_PRODUCT = YES;
			};
			name = Release;
		};
		1914AC581ED55FD4009975B2 /* Debug */ = {
			isa = XCBuildConfiguration;
			buildSettings = {
				ASSETCATALOG_COMPILER_APPICON_NAME = AppIcon;
				DEVELOPMENT_TEAM = 4G7K3CN2JU;
				INFOPLIST_FILE = "Avplayer-sample/Info.plist";
				IPHONEOS_DEPLOYMENT_TARGET = 10.0;
				LD_RUNPATH_SEARCH_PATHS = "$(inherited) @executable_path/Frameworks";
				PRODUCT_BUNDLE_IDENTIFIER = "com.seungyounyi.Avplayer-sample";
				PRODUCT_NAME = "$(TARGET_NAME)";
				SWIFT_VERSION = 3.0;
			};
			name = Debug;
		};
		1914AC591ED55FD4009975B2 /* Release */ = {
			isa = XCBuildConfiguration;
			buildSettings = {
				ASSETCATALOG_COMPILER_APPICON_NAME = AppIcon;
				DEVELOPMENT_TEAM = 4G7K3CN2JU;
				INFOPLIST_FILE = "Avplayer-sample/Info.plist";
				IPHONEOS_DEPLOYMENT_TARGET = 10.0;
				LD_RUNPATH_SEARCH_PATHS = "$(inherited) @executable_path/Frameworks";
				PRODUCT_BUNDLE_IDENTIFIER = "com.seungyounyi.Avplayer-sample";
				PRODUCT_NAME = "$(TARGET_NAME)";
				SWIFT_VERSION = 3.0;
			};
			name = Release;
		};
		1914AC5B1ED55FD4009975B2 /* Debug */ = {
			isa = XCBuildConfiguration;
			buildSettings = {
				ALWAYS_EMBED_SWIFT_STANDARD_LIBRARIES = YES;
				BUNDLE_LOADER = "$(TEST_HOST)";
				DEVELOPMENT_TEAM = 4G7K3CN2JU;
				INFOPLIST_FILE = "Avplayer-sampleTests/Info.plist";
				LD_RUNPATH_SEARCH_PATHS = "$(inherited) @executable_path/Frameworks @loader_path/Frameworks";
				PRODUCT_BUNDLE_IDENTIFIER = "com.seungyounyi.Avplayer-sampleTests";
				PRODUCT_NAME = "$(TARGET_NAME)";
				SWIFT_VERSION = 3.0;
				TEST_HOST = "$(BUILT_PRODUCTS_DIR)/Avplayer-sample.app/Avplayer-sample";
			};
			name = Debug;
		};
		1914AC5C1ED55FD4009975B2 /* Release */ = {
			isa = XCBuildConfiguration;
			buildSettings = {
				ALWAYS_EMBED_SWIFT_STANDARD_LIBRARIES = YES;
				BUNDLE_LOADER = "$(TEST_HOST)";
				DEVELOPMENT_TEAM = 4G7K3CN2JU;
				INFOPLIST_FILE = "Avplayer-sampleTests/Info.plist";
				LD_RUNPATH_SEARCH_PATHS = "$(inherited) @executable_path/Frameworks @loader_path/Frameworks";
				PRODUCT_BUNDLE_IDENTIFIER = "com.seungyounyi.Avplayer-sampleTests";
				PRODUCT_NAME = "$(TARGET_NAME)";
				SWIFT_VERSION = 3.0;
				TEST_HOST = "$(BUILT_PRODUCTS_DIR)/Avplayer-sample.app/Avplayer-sample";
			};
			name = Release;
		};
		1914AC5E1ED55FD4009975B2 /* Debug */ = {
			isa = XCBuildConfiguration;
			buildSettings = {
				ALWAYS_EMBED_SWIFT_STANDARD_LIBRARIES = YES;
				DEVELOPMENT_TEAM = 4G7K3CN2JU;
				INFOPLIST_FILE = "Avplayer-sampleUITests/Info.plist";
				LD_RUNPATH_SEARCH_PATHS = "$(inherited) @executable_path/Frameworks @loader_path/Frameworks";
				PRODUCT_BUNDLE_IDENTIFIER = "com.seungyounyi.Avplayer-sampleUITests";
				PRODUCT_NAME = "$(TARGET_NAME)";
				SWIFT_VERSION = 3.0;
				TEST_TARGET_NAME = "Avplayer-sample";
			};
			name = Debug;
		};
		1914AC5F1ED55FD4009975B2 /* Release */ = {
			isa = XCBuildConfiguration;
			buildSettings = {
				ALWAYS_EMBED_SWIFT_STANDARD_LIBRARIES = YES;
				DEVELOPMENT_TEAM = 4G7K3CN2JU;
				INFOPLIST_FILE = "Avplayer-sampleUITests/Info.plist";
				LD_RUNPATH_SEARCH_PATHS = "$(inherited) @executable_path/Frameworks @loader_path/Frameworks";
				PRODUCT_BUNDLE_IDENTIFIER = "com.seungyounyi.Avplayer-sampleUITests";
				PRODUCT_NAME = "$(TARGET_NAME)";
				SWIFT_VERSION = 3.0;
				TEST_TARGET_NAME = "Avplayer-sample";
			};
			name = Release;
		};
/* End XCBuildConfiguration section */

/* Begin XCConfigurationList section */
		1914AC2A1ED55FD4009975B2 /* Build configuration list for PBXProject "Avplayer-sample" */ = {
			isa = XCConfigurationList;
			buildConfigurations = (
				1914AC551ED55FD4009975B2 /* Debug */,
				1914AC561ED55FD4009975B2 /* Release */,
			);
			defaultConfigurationIsVisible = 0;
			defaultConfigurationName = Release;
		};
		1914AC571ED55FD4009975B2 /* Build configuration list for PBXNativeTarget "Avplayer-sample" */ = {
			isa = XCConfigurationList;
			buildConfigurations = (
				1914AC581ED55FD4009975B2 /* Debug */,
				1914AC591ED55FD4009975B2 /* Release */,
			);
			defaultConfigurationIsVisible = 0;
		};
		1914AC5A1ED55FD4009975B2 /* Build configuration list for PBXNativeTarget "Avplayer-sampleTests" */ = {
			isa = XCConfigurationList;
			buildConfigurations = (
				1914AC5B1ED55FD4009975B2 /* Debug */,
				1914AC5C1ED55FD4009975B2 /* Release */,
			);
			defaultConfigurationIsVisible = 0;
		};
		1914AC5D1ED55FD4009975B2 /* Build configuration list for PBXNativeTarget "Avplayer-sampleUITests" */ = {
			isa = XCConfigurationList;
			buildConfigurations = (
				1914AC5E1ED55FD4009975B2 /* Debug */,
				1914AC5F1ED55FD4009975B2 /* Release */,
			);
			defaultConfigurationIsVisible = 0;
		};
/* End XCConfigurationList section */
	};
	rootObject = 1914AC271ED55FD4009975B2 /* Project object */;
}
